# THIS IS AN AUTOGENERATED FILE. DO NOT EDIT THIS FILE DIRECTLY.
# yarn lockfile v1


"@fullcalendar/core@^4.0.2":
  version "4.0.2"
  resolved "https://registry.yarnpkg.com/@fullcalendar/core/-/core-4.0.2.tgz#59ef822ba0c4bda60609d8b2d9f71bee8875505b"
  integrity sha512-5DBjqoQretok6L0GNpcqkr0HnCNDzRH0REWJDeTTyHGi62V+8MC3IqZkpmDrFITTkIyDrvf8GHl3WhTI0bjYPQ==

"@fullcalendar/daygrid@^4.0.1":
  version "4.0.1"
  resolved "https://registry.yarnpkg.com/@fullcalendar/daygrid/-/daygrid-4.0.1.tgz#383bfd51dd55bbec2ccc90926e9dbdf710aa3789"
  integrity sha512-nKFFKgTm5eijOukD6pjsQSLlsBoMrKuHXc00zaHaMWSeJndGHxtseR8oeHOnclNNScMKLXLNZthzEduSqqyuRw==

"@fullcalendar/list@^4.0.1":
  version "4.0.1"
  resolved "https://registry.yarnpkg.com/@fullcalendar/list/-/list-4.0.1.tgz#97b81ff98d2547bb317047c513903cd0fc0883ef"
  integrity sha512-m8H9P908WzDX9nmhr1rnxrl2VHGIQMgouFxaOdinukUtQt3h4nT51aoaRnT9lVKG7mPEyMDHI+M3mKXShl1g6g==

"@fullcalendar/timegrid@^4.0.1":
  version "4.0.1"
  resolved "https://registry.yarnpkg.com/@fullcalendar/timegrid/-/timegrid-4.0.1.tgz#26454567a256af70b2aa6dae7f6351d0c0a92a32"
  integrity sha512-gCtQ+xjVY5K3TV8o05KuAE9pCizoRIk/pCOueSkkQG8eSOFud34/LMB9OOQKb/yOQcMHx9UXEpup+xodEJC5ow==
  dependencies:
    "@fullcalendar/daygrid" "^4.0.1"

bootstrap@^4.3.1:
  version "4.3.1"
  resolved "https://registry.yarnpkg.com/bootstrap/-/bootstrap-4.3.1.tgz#280ca8f610504d99d7b6b4bfc4b68cec601704ac"
  integrity sha512-rXqOmH1VilAt2DyPzluTi2blhk17bO7ef+zLLPlWvG494pDxcM234pJ8wTc/6R40UWizAIIMgxjvxZg5kmsbag==

jquery-ui-dist@^1.12.1:
  version "1.12.1"
  resolved "https://registry.yarnpkg.com/jquery-ui-dist/-/jquery-ui-dist-1.12.1.tgz#5c0815d3cc6f90ff5faaf5b268a6e23b4ca904fa"
  integrity sha1-XAgV08xvkP9fqvWyaKbiO0ypBPo=

jquery-ui-touch-punch@^0.2.3:
  version "0.2.3"
  resolved "https://registry.yarnpkg.com/jquery-ui-touch-punch/-/jquery-ui-touch-punch-0.2.3.tgz#eed82242733ba243f46b3e87c1841b308191da68"
  integrity sha1-7tgiQnM7okP0az6HwYQbMIGR2mg=

jquery@^3.4.0:
  version "3.4.0"
  resolved "https://registry.yarnpkg.com/jquery/-/jquery-3.4.0.tgz#8de513fa0fa4b2c7d2e48a530e26f0596936efdf"
  integrity sha512-ggRCXln9zEqv6OqAGXFEcshF5dSBvCkzj6Gm2gzuR5fWawaX8t7cxKVkkygKODrDAzKdoYw3l/e3pm3vlT4IbQ==

moment@^2.24.0:
  version "2.24.0"
  resolved "https://registry.yarnpkg.com/moment/-/moment-2.24.0.tgz#0d055d53f5052aa653c9f6eb68bb5d12bf5c2b5b"
  integrity sha512-bV7f+6l2QigeBBZSM/6yTNq4P2fNpSWj/0e7jQcy87A8e7o2nAfP/34/2ky5Vw4B9S446EtIhodAzkFCcR4dQg==

plotly.js-dist@^1.47.3:
  version "1.47.3"
  resolved "https://registry.yarnpkg.com/plotly.js-dist/-/plotly.js-dist-1.47.3.tgz#36704dc7f25747d5f4ddd306f74488bc6d1c2aff"
  integrity sha512-Ef6fMmLzfJANv5RFQ637LEzzXgNDG8u2N7GYOcxk7NSUd3/NmyDL+rm/oYzsliK4OfW6GhGqVZSyFdwN7LX9DQ==

popper.js@^1.15.0:
  version "1.15.0"
  resolved "https://registry.yarnpkg.com/popper.js/-/popper.js-1.15.0.tgz#5560b99bbad7647e9faa475c6b8056621f5a4ff2"
  integrity sha512-w010cY1oCUmI+9KwwlWki+r5jxKfTFDVoadl7MSrIujHU5MJ5OR6HTDj6Xo8aoR/QsA56x8jKjA59qGH4ELtrA==
